
Microsoft Visual Studio Solution File, Format Version 10.00
# Visual C# Express 2008
Project("{FAE04EC0-301F-11D3-BF4B-00C04F79EFBC}") = "MTS", "MTS\MTS.csproj", "{C186DE23-9AF7-4C5D-8328-7E00AE2AC4FF}"
EndProject
Project("{FAE04EC0-301F-11D3-BF4B-00C04F79EFBC}") = "IO", "IO\IO.csproj", "{5567B55F-5C10-4A5C-9F4A-35E60DBEA897}"
EndProject
Project("{FAE04EC0-301F-11D3-BF4B-00C04F79EFBC}") = "MTSSimulator", "MTSSimulator\MTSSimulator.csproj", "{DE4CF0E5-D65D-492B-96E6-0649B251870F}"
EndProject
Global
	GlobalSection(SolutionConfigurationPlatforms) = preSolution
		Debug|Any CPU = Debug|Any CPU
		Debug|Mixed Platforms = Debug|Mixed Platforms
		Debug|x86 = Debug|x86
		Release|Any CPU = Release|Any CPU
		Release|Mixed Platforms = Release|Mixed Platforms
		Release|x86 = Release|x86
	EndGlobalSection
	GlobalSection(ProjectConfigurationPlatforms) = postSolution
		{C186DE23-9AF7-4C5D-8328-7E00AE2AC4FF}.Debug|Any CPU.ActiveCfg = Debug|x86
		{C186DE23-9AF7-4C5D-8328-7E00AE2AC4FF}.Debug|Mixed Platforms.ActiveCfg = Debug|x86
		{C186DE23-9AF7-4C5D-8328-7E00AE2AC4FF}.Debug|Mixed Platforms.Build.0 = Debug|x86
		{C186DE23-9AF7-4C5D-8328-7E00AE2AC4FF}.Debug|x86.ActiveCfg = Debug|x86
		{C186DE23-9AF7-4C5D-8328-7E00AE2AC4FF}.Debug|x86.Build.0 = Debug|x86
		{C186DE23-9AF7-4C5D-8328-7E00AE2AC4FF}.Release|Any CPU.ActiveCfg = Release|x86
		{C186DE23-9AF7-4C5D-8328-7E00AE2AC4FF}.Release|Mixed Platforms.ActiveCfg = Release|x86
		{C186DE23-9AF7-4C5D-8328-7E00AE2AC4FF}.Release|Mixed Platforms.Build.0 = Release|x86
		{C186DE23-9AF7-4C5D-8328-7E00AE2AC4FF}.Release|x86.ActiveCfg = Release|x86
		{C186DE23-9AF7-4C5D-8328-7E00AE2AC4FF}.Release|x86.Build.0 = Release|x86
		{5567B55F-5C10-4A5C-9F4A-35E60DBEA897}.Debug|Any CPU.ActiveCfg = Debug|Any CPU
		{5567B55F-5C10-4A5C-9F4A-35E60DBEA897}.Debug|Any CPU.Build.0 = Debug|Any CPU
		{5567B55F-5C10-4A5C-9F4A-35E60DBEA897}.Debug|Mixed Platforms.ActiveCfg = Debug|Any CPU
		{5567B55F-5C10-4A5C-9F4A-35E60DBEA897}.Debug|Mixed Platforms.Build.0 = Debug|Any CPU
		{5567B55F-5C10-4A5C-9F4A-35E60DBEA897}.Debug|x86.ActiveCfg = Debug|Any CPU
		{5567B55F-5C10-4A5C-9F4A-35E60DBEA897}.Release|Any CPU.ActiveCfg = Release|Any CPU
		{5567B55F-5C10-4A5C-9F4A-35E60DBEA897}.Release|Any CPU.Build.0 = Release|Any CPU
		{5567B55F-5C10-4A5C-9F4A-35E60DBEA897}.Release|Mixed Platforms.ActiveCfg = Release|Any CPU
		{5567B55F-5C10-4A5C-9F4A-35E60DBEA897}.Release|Mixed Platforms.Build.0 = Release|Any CPU
		{5567B55F-5C10-4A5C-9F4A-35E60DBEA897}.Release|x86.ActiveCfg = Release|Any CPU
		{DE4CF0E5-D65D-492B-96E6-0649B251870F}.Debug|Any CPU.ActiveCfg = Debug|Any CPU
		{DE4CF0E5-D65D-492B-96E6-0649B251870F}.Debug|Any CPU.Build.0 = Debug|Any CPU
		{DE4CF0E5-D65D-492B-96E6-0649B251870F}.Debug|Mixed Platforms.ActiveCfg = Debug|Any CPU
		{DE4CF0E5-D65D-492B-96E6-0649B251870F}.Debug|Mixed Platforms.Build.0 = Debug|Any CPU
		{DE4CF0E5-D65D-492B-96E6-0649B251870F}.Debug|x86.ActiveCfg = Debug|Any CPU
		{DE4CF0E5-D65D-492B-96E6-0649B251870F}.Release|Any CPU.ActiveCfg = Release|Any CPU
		{DE4CF0E5-D65D-492B-96E6-0649B251870F}.Release|Any CPU.Build.0 = Release|Any CPU
		{DE4CF0E5-D65D-492B-96E6-0649B251870F}.Release|Mixed Platforms.ActiveCfg = Release|Any CPU
		{DE4CF0E5-D65D-492B-96E6-0649B251870F}.Release|Mixed Platforms.Build.0 = Release|Any CPU
		{DE4CF0E5-D65D-492B-96E6-0649B251870F}.Release|x86.ActiveCfg = Release|Any CPU
	EndGlobalSection
	GlobalSection(SolutionProperties) = preSolution
		HideSolutionNode = FALSE
	EndGlobalSection
EndGlobal
